PODS:
  - VNTableView (0.0.1)

DEPENDENCIES:
  - VNTableView (from `../VNTableView/`)

EXTERNAL SOURCES:
  VNTableView:
    :path: "../VNTableView/"

SPEC CHECKSUMS:
  VNTableView: 0400c7e48f3c6f817f2545df1356424cca7cc1ec

PODFILE CHECKSUM: 0cf0de2542aefe3052387b7c8d3999790753f2d6

COCOAPODS: 1.6.0
